// !$*UTF8*$!
{
	archiveVersion = 1;
	classes = {
	};
	objectVersion = 46;
	objects = {

/* Begin PBXBuildFile section */
		D1626C2318A1C8DD00675301 /* Foundation.framework in Frameworks */ = {isa = PBXBuildFile; fileRef = D1626C2218A1C8DD00675301 /* Foundation.framework */; };
		D1626C2518A1C8DD00675301 /* CoreGraphics.framework in Frameworks */ = {isa = PBXBuildFile; fileRef = D1626C2418A1C8DD00675301 /* CoreGraphics.framework */; };
		D1626C2718A1C8DD00675301 /* UIKit.framework in Frameworks */ = {isa = PBXBuildFile; fileRef = D1626C2618A1C8DD00675301 /* UIKit.framework */; };
		D1626C2D18A1C8DD00675301 /* InfoPlist.strings in Resources */ = {isa = PBXBuildFile; fileRef = D1626C2B18A1C8DD00675301 /* InfoPlist.strings */; };
		D1626C2F18A1C8DD00675301 /* main.m in Sources */ = {isa = PBXBuildFile; fileRef = D1626C2E18A1C8DD00675301 /* main.m */; };
		D1626C3318A1C8DD00675301 /* AppDelegate.m in Sources */ = {isa = PBXBuildFile; fileRef = D1626C3218A1C8DD00675301 /* AppDelegate.m */; };
		D1626C3618A1C8DD00675301 /* Main.storyboard in Resources */ = {isa = PBXBuildFile; fileRef = D1626C3418A1C8DD00675301 /* Main.storyboard */; };
		D1626C3918A1C8DD00675301 /* View_Main.m in Sources */ = {isa = PBXBuildFile; fileRef = D1626C3818A1C8DD00675301 /* View_Main.m */; };
		D1626C3B18A1C8DD00675301 /* Images.xcassets in Resources */ = {isa = PBXBuildFile; fileRef = D1626C3A18A1C8DD00675301 /* Images.xcassets */; };
		D1626C4218A1C8DD00675301 /* XCTest.framework in Frameworks */ = {isa = PBXBuildFile; fileRef = D1626C4118A1C8DD00675301 /* XCTest.framework */; };
		D1626C4318A1C8DD00675301 /* Foundation.framework in Frameworks */ = {isa = PBXBuildFile; fileRef = D1626C2218A1C8DD00675301 /* Foundation.framework */; };
		D1626C4418A1C8DD00675301 /* UIKit.framework in Frameworks */ = {isa = PBXBuildFile; fileRef = D1626C2618A1C8DD00675301 /* UIKit.framework */; };
		D1626C4C18A1C8DD00675301 /* InfoPlist.strings in Resources */ = {isa = PBXBuildFile; fileRef = D1626C4A18A1C8DD00675301 /* InfoPlist.strings */; };
		D1626C4E18A1C8DD00675301 /* Table_ExampleTests.m in Sources */ = {isa = PBXBuildFile; fileRef = D1626C4D18A1C8DD00675301 /* Table_ExampleTests.m */; };
		D1626C5A18A1CC0C00675301 /* Cell_Students.m in Sources */ = {isa = PBXBuildFile; fileRef = D1626C5918A1CC0C00675301 /* Cell_Students.m */; };
		D1626C5D18A1CC7700675301 /* View01.m in Sources */ = {isa = PBXBuildFile; fileRef = D1626C5C18A1CC7700675301 /* View01.m */; };
		D1626C6318A1D04000675301 /* Blanka.png in Resources */ = {isa = PBXBuildFile; fileRef = D1626C5F18A1D04000675301 /* Blanka.png */; };
		D1626C6418A1D04000675301 /* Chun-Lee.jpg in Resources */ = {isa = PBXBuildFile; fileRef = D1626C6018A1D04000675301 /* Chun-Lee.jpg */; };
		D1626C6518A1D04000675301 /* Ken.png in Resources */ = {isa = PBXBuildFile; fileRef = D1626C6118A1D04000675301 /* Ken.png */; };
		D1626C6618A1D04000675301 /* Ryu.png in Resources */ = {isa = PBXBuildFile; fileRef = D1626C6218A1D04000675301 /* Ryu.png */; };
		D1CB65A418A1DA7100320B92 /* Chun-Lee.png in Resources */ = {isa = PBXBuildFile; fileRef = D1CB65A318A1DA7100320B92 /* Chun-Lee.png */; };
/* End PBXBuildFile section */

/* Begin PBXContainerItemProxy section */
		D1626C4518A1C8DD00675301 /* PBXContainerItemProxy */ = {
			isa = PBXContainerItemProxy;
			containerPortal = D1626C1718A1C8DD00675301 /* Project object */;
			proxyType = 1;
			remoteGlobalIDString = D1626C1E18A1C8DD00675301;
			remoteInfo = "Table Example";
		};
/* End PBXContainerItemProxy section */

/* Begin PBXFileReference section */
		D1626C1F18A1C8DD00675301 /* Table Example.app */ = {isa = PBXFileReference; explicitFileType = wrapper.application; includeInIndex = 0; path = "Table Example.app"; sourceTree = BUILT_PRODUCTS_DIR; };
		D1626C2218A1C8DD00675301 /* Foundation.framework */ = {isa = PBXFileReference; lastKnownFileType = wrapper.framework; name = Foundation.framework; path = System/Library/Frameworks/Foundation.framework; sourceTree = SDKROOT; };
		D1626C2418A1C8DD00675301 /* CoreGraphics.framework */ = {isa = PBXFileReference; lastKnownFileType = wrapper.framework; name = CoreGraphics.framework; path = System/Library/Frameworks/CoreGraphics.framework; sourceTree = SDKROOT; };
		D1626C2618A1C8DD00675301 /* UIKit.framework */ = {isa = PBXFileReference; lastKnownFileType = wrapper.framework; name = UIKit.framework; path = System/Library/Frameworks/UIKit.framework; sourceTree = SDKROOT; };
		D1626C2A18A1C8DD00675301 /* Table Example-Info.plist */ = {isa = PBXFileReference; lastKnownFileType = text.plist.xml; path = "Table Example-Info.plist"; sourceTree = "<group>"; };
		D1626C2C18A1C8DD00675301 /* en */ = {isa = PBXFileReference; lastKnownFileType = text.plist.strings; name = en; path = en.lproj/InfoPlist.strings; sourceTree = "<group>"; };
		D1626C2E18A1C8DD00675301 /* main.m */ = {isa = PBXFileReference; lastKnownFileType = sourcecode.c.objc; path = main.m; sourceTree = "<group>"; };
		D1626C3018A1C8DD00675301 /* Table Example-Prefix.pch */ = {isa = PBXFileReference; lastKnownFileType = sourcecode.c.h; path = "Table Example-Prefix.pch"; sourceTree = "<group>"; };
		D1626C3118A1C8DD00675301 /* AppDelegate.h */ = {isa = PBXFileReference; lastKnownFileType = sourcecode.c.h; path = AppDelegate.h; sourceTree = "<group>"; };
		D1626C3218A1C8DD00675301 /* AppDelegate.m */ = {isa = PBXFileReference; lastKnownFileType = sourcecode.c.objc; path = AppDelegate.m; sourceTree = "<group>"; };
		D1626C3518A1C8DD00675301 /* Base */ = {isa = PBXFileReference; lastKnownFileType = file.storyboard; name = Base; path = Base.lproj/Main.storyboard; sourceTree = "<group>"; };
		D1626C3718A1C8DD00675301 /* View_Main.h */ = {isa = PBXFileReference; lastKnownFileType = sourcecode.c.h; path = View_Main.h; sourceTree = "<group>"; };
		D1626C3818A1C8DD00675301 /* View_Main.m */ = {isa = PBXFileReference; lastKnownFileType = sourcecode.c.objc; path = View_Main.m; sourceTree = "<group>"; };
		D1626C3A18A1C8DD00675301 /* Images.xcassets */ = {isa = PBXFileReference; lastKnownFileType = folder.assetcatalog; path = Images.xcassets; sourceTree = "<group>"; };
		D1626C4018A1C8DD00675301 /* Table ExampleTests.xctest */ = {isa = PBXFileReference; explicitFileType = wrapper.cfbundle; includeInIndex = 0; path = "Table ExampleTests.xctest"; sourceTree = BUILT_PRODUCTS_DIR; };
		D1626C4118A1C8DD00675301 /* XCTest.framework */ = {isa = PBXFileReference; lastKnownFileType = wrapper.framework; name = XCTest.framework; path = Library/Frameworks/XCTest.framework; sourceTree = DEVELOPER_DIR; };
		D1626C4918A1C8DD00675301 /* Table ExampleTests-Info.plist */ = {isa = PBXFileReference; lastKnownFileType = text.plist.xml; path = "Table ExampleTests-Info.plist"; sourceTree = "<group>"; };
		D1626C4B18A1C8DD00675301 /* en */ = {isa = PBXFileReference; lastKnownFileType = text.plist.strings; name = en; path = en.lproj/InfoPlist.strings; sourceTree = "<group>"; };
		D1626C4D18A1C8DD00675301 /* Table_ExampleTests.m */ = {isa = PBXFileReference; lastKnownFileType = sourcecode.c.objc; path = Table_ExampleTests.m; sourceTree = "<group>"; };
		D1626C5818A1CC0C00675301 /* Cell_Students.h */ = {isa = PBXFileReference; fileEncoding = 4; lastKnownFileType = sourcecode.c.h; path = Cell_Students.h; sourceTree = "<group>"; };
		D1626C5918A1CC0C00675301 /* Cell_Students.m */ = {isa = PBXFileReference; fileEncoding = 4; lastKnownFileType = sourcecode.c.objc; path = Cell_Students.m; sourceTree = "<group>"; };
		D1626C5B18A1CC7700675301 /* View01.h */ = {isa = PBXFileReference; fileEncoding = 4; lastKnownFileType = sourcecode.c.h; path = View01.h; sourceTree = "<group>"; };
		D1626C5C18A1CC7700675301 /* View01.m */ = {isa = PBXFileReference; fileEncoding = 4; lastKnownFileType = sourcecode.c.objc; path = View01.m; sourceTree = "<group>"; };
		D1626C5F18A1D04000675301 /* Blanka.png */ = {isa = PBXFileReference; lastKnownFileType = image.png; path = Blanka.png; sourceTree = "<group>"; };
		D1626C6018A1D04000675301 /* Chun-Lee.jpg */ = {isa = PBXFileReference; lastKnownFileType = image.jpeg; path = "Chun-Lee.jpg"; sourceTree = "<group>"; };
		D1626C6118A1D04000675301 /* Ken.png */ = {isa = PBXFileReference; lastKnownFileType = image.png; path = Ken.png; sourceTree = "<group>"; };
		D1626C6218A1D04000675301 /* Ryu.png */ = {isa = PBXFileReference; lastKnownFileType = image.png; path = Ryu.png; sourceTree = "<group>"; };
		D1CB65A318A1DA7100320B92 /* Chun-Lee.png */ = {isa = PBXFileReference; lastKnownFileType = image.png; path = "Chun-Lee.png"; sourceTree = "<group>"; };
/* End PBXFileReference section */

/* Begin PBXFrameworksBuildPhase section */
		D1626C1C18A1C8DD00675301 /* Frameworks */ = {
			isa = PBXFrameworksBuildPhase;
			buildActionMask = 2147483647;
			files = (
				D1626C2518A1C8DD00675301 /* CoreGraphics.framework in Frameworks */,
				D1626C2718A1C8DD00675301 /* UIKit.framework in Frameworks */,
				D1626C2318A1C8DD00675301 /* Foundation.framework in Frameworks */,
			);
			runOnlyForDeploymentPostprocessing = 0;
		};
		D1626C3D18A1C8DD00675301 /* Frameworks */ = {
			isa = PBXFrameworksBuildPhase;
			buildActionMask = 2147483647;
			files = (
				D1626C4218A1C8DD00675301 /* XCTest.framework in Frameworks */,
				D1626C4418A1C8DD00675301 /* UIKit.framework in Frameworks */,
				D1626C4318A1C8DD00675301 /* Foundation.framework in Frameworks */,
			);
			runOnlyForDeploymentPostprocessing = 0;
		};
/* End PBXFrameworksBuildPhase section */

/* Begin PBXGroup section */
		D1626C1618A1C8DD00675301 = {
			isa = PBXGroup;
			children = (
				D1626C5E18A1D04000675301 /* imgs */,
				D1626C5718A1CBE800675301 /* Customize Controllers */,
				D1626C2818A1C8DD00675301 /* Table Example */,
				D1626C4718A1C8DD00675301 /* Table ExampleTests */,
				D1626C2118A1C8DD00675301 /* Frameworks */,
				D1626C2018A1C8DD00675301 /* Products */,
			);
			sourceTree = "<group>";
		};
		D1626C2018A1C8DD00675301 /* Products */ = {
			isa = PBXGroup;
			children = (
				D1626C1F18A1C8DD00675301 /* Table Example.app */,
				D1626C4018A1C8DD00675301 /* Table ExampleTests.xctest */,
			);
			name = Products;
			sourceTree = "<group>";
		};
		D1626C2118A1C8DD00675301 /* Frameworks */ = {
			isa = PBXGroup;
			children = (
				D1626C2218A1C8DD00675301 /* Foundation.framework */,
				D1626C2418A1C8DD00675301 /* CoreGraphics.framework */,
				D1626C2618A1C8DD00675301 /* UIKit.framework */,
				D1626C4118A1C8DD00675301 /* XCTest.framework */,
			);
			name = Frameworks;
			sourceTree = "<group>";
		};
		D1626C2818A1C8DD00675301 /* Table Example */ = {
			isa = PBXGroup;
			children = (
				D1626C3118A1C8DD00675301 /* AppDelegate.h */,
				D1626C3218A1C8DD00675301 /* AppDelegate.m */,
				D1626C3418A1C8DD00675301 /* Main.storyboard */,
				D1626C3718A1C8DD00675301 /* View_Main.h */,
				D1626C3818A1C8DD00675301 /* View_Main.m */,
				D1626C5B18A1CC7700675301 /* View01.h */,
				D1626C5C18A1CC7700675301 /* View01.m */,
				D1626C3A18A1C8DD00675301 /* Images.xcassets */,
				D1626C2918A1C8DD00675301 /* Supporting Files */,
			);
			path = "Table Example";
			sourceTree = "<group>";
		};
		D1626C2918A1C8DD00675301 /* Supporting Files */ = {
			isa = PBXGroup;
			children = (
				D1626C2A18A1C8DD00675301 /* Table Example-Info.plist */,
				D1626C2B18A1C8DD00675301 /* InfoPlist.strings */,
				D1626C2E18A1C8DD00675301 /* main.m */,
				D1626C3018A1C8DD00675301 /* Table Example-Prefix.pch */,
			);
			name = "Supporting Files";
			sourceTree = "<group>";
		};
		D1626C4718A1C8DD00675301 /* Table ExampleTests */ = {
			isa = PBXGroup;
			children = (
				D1626C4D18A1C8DD00675301 /* Table_ExampleTests.m */,
				D1626C4818A1C8DD00675301 /* Supporting Files */,
			);
			path = "Table ExampleTests";
			sourceTree = "<group>";
		};
		D1626C4818A1C8DD00675301 /* Supporting Files */ = {
			isa = PBXGroup;
			children = (
				D1626C4918A1C8DD00675301 /* Table ExampleTests-Info.plist */,
				D1626C4A18A1C8DD00675301 /* InfoPlist.strings */,
			);
			name = "Supporting Files";
			sourceTree = "<group>";
		};
		D1626C5718A1CBE800675301 /* Customize Controllers */ = {
			isa = PBXGroup;
			children = (
				D1626C5818A1CC0C00675301 /* Cell_Students.h */,
				D1626C5918A1CC0C00675301 /* Cell_Students.m */,
			);
			name = "Customize Controllers";
			sourceTree = "<group>";
		};
		D1626C5E18A1D04000675301 /* imgs */ = {
			isa = PBXGroup;
			children = (
				D1CB65A318A1DA7100320B92 /* Chun-Lee.png */,
				D1626C5F18A1D04000675301 /* Blanka.png */,
				D1626C6018A1D04000675301 /* Chun-Lee.jpg */,
				D1626C6118A1D04000675301 /* Ken.png */,
				D1626C6218A1D04000675301 /* Ryu.png */,
			);
			name = imgs;
			path = "Table Example/imgs";
			sourceTree = "<group>";
		};
/* End PBXGroup section */

/* Begin PBXNativeTarget section */
		D1626C1E18A1C8DD00675301 /* Table Example */ = {
			isa = PBXNativeTarget;
			buildConfigurationList = D1626C5118A1C8DD00675301 /* Build configuration list for PBXNativeTarget "Table Example" */;
			buildPhases = (
				D1626C1B18A1C8DD00675301 /* Sources */,
				D1626C1C18A1C8DD00675301 /* Frameworks */,
				D1626C1D18A1C8DD00675301 /* Resources */,
			);
			buildRules = (
			);
			dependencies = (
			);
			name = "Table Example";
			productName = "Table Example";
			productReference = D1626C1F18A1C8DD00675301 /* Table Example.app */;
			productType = "com.apple.product-type.application";
		};
		D1626C3F18A1C8DD00675301 /* Table ExampleTests */ = {
			isa = PBXNativeTarget;
			buildConfigurationList = D1626C5418A1C8DD00675301 /* Build configuration list for PBXNativeTarget "Table ExampleTests" */;
			buildPhases = (
				D1626C3C18A1C8DD00675301 /* Sources */,
				D1626C3D18A1C8DD00675301 /* Frameworks */,
				D1626C3E18A1C8DD00675301 /* Resources */,
			);
			buildRules = (
			);
			dependencies = (
				D1626C4618A1C8DD00675301 /* PBXTargetDependency */,
			);
			name = "Table ExampleTests";
			productName = "Table ExampleTests";
			productReference = D1626C4018A1C8DD00675301 /* Table ExampleTests.xctest */;
			productType = "com.apple.product-type.bundle.unit-test";
		};
/* End PBXNativeTarget section */

/* Begin PBXProject section */
		D1626C1718A1C8DD00675301 /* Project object */ = {
			isa = PBXProject;
			attributes = {
				LastUpgradeCheck = 0500;
				ORGANIZATIONNAME = SmartPlace;
				TargetAttributes = {
					D1626C3F18A1C8DD00675301 = {
						TestTargetID = D1626C1E18A1C8DD00675301;
					};
				};
			};
			buildConfigurationList = D1626C1A18A1C8DD00675301 /* Build configuration list for PBXProject "Table Example" */;
			compatibilityVersion = "Xcode 3.2";
			developmentRegion = English;
			hasScannedForEncodings = 0;
			knownRegions = (
				en,
				Base,
			);
			mainGroup = D1626C1618A1C8DD00675301;
			productRefGroup = D1626C2018A1C8DD00675301 /* Products */;
			projectDirPath = "";
			projectRoot = "";
			targets = (
				D1626C1E18A1C8DD00675301 /* Table Example */,
				D1626C3F18A1C8DD00675301 /* Table ExampleTests */,
			);
		};
/* End PBXProject section */

/* Begin PBXResourcesBuildPhase section */
		D1626C1D18A1C8DD00675301 /* Resources */ = {
			isa = PBXResourcesBuildPhase;
			buildActionMask = 2147483647;
			files = (
				D1CB65A418A1DA7100320B92 /* Chun-Lee.png in Resources */,
				D1626C6518A1D04000675301 /* Ken.png in Resources */,
				D1626C6418A1D04000675301 /* Chun-Lee.jpg in Resources */,
				D1626C3B18A1C8DD00675301 /* Images.xcassets in Resources */,
				D1626C2D18A1C8DD00675301 /* InfoPlist.strings in Resources */,
				D1626C6318A1D04000675301 /* Blanka.png in Resources */,
				D1626C3618A1C8DD00675301 /* Main.storyboard in Resources */,
				D1626C6618A1D04000675301 /* Ryu.png in Resources */,
			);
			runOnlyForDeploymentPostprocessing = 0;
		};
		D1626C3E18A1C8DD00675301 /* Resources */ = {
			isa = PBXResourcesBuildPhase;
			buildActionMask = 2147483647;
			files = (
				D1626C4C18A1C8DD00675301 /* InfoPlist.strings in Resources */,
			);
			runOnlyForDeploymentPostprocessing = 0;
		};
/* End PBXResourcesBuildPhase section */

/* Begin PBXSourcesBuildPhase section */
		D1626C1B18A1C8DD00675301 /* Sources */ = {
			isa = PBXSourcesBuildPhase;
			buildActionMask = 2147483647;
			files = (
				D1626C3918A1C8DD00675301 /* View_Main.m in Sources */,
				D1626C3318A1C8DD00675301 /* AppDelegate.m in Sources */,
				D1626C5D18A1CC7700675301 /* View01.m in Sources */,
				D1626C2F18A1C8DD00675301 /* main.m in Sources */,
				D1626C5A18A1CC0C00675301 /* Cell_Students.m in Sources */,
			);
			runOnlyForDeploymentPostprocessing = 0;
		};
		D1626C3C18A1C8DD00675301 /* Sources */ = {
			isa = PBXSourcesBuildPhase;
			buildActionMask = 2147483647;
			files = (
				D1626C4E18A1C8DD00675301 /* Table_ExampleTests.m in Sources */,
			);
			runOnlyForDeploymentPostprocessing = 0;
		};
/* End PBXSourcesBuildPhase section */

/* Begin PBXTargetDependency section */
		D1626C4618A1C8DD00675301 /* PBXTargetDependency */ = {
			isa = PBXTargetDependency;
			target = D1626C1E18A1C8DD00675301 /* Table Example */;
			targetProxy = D1626C4518A1C8DD00675301 /* PBXContainerItemProxy */;
		};
/* End PBXTargetDependency section */

/* Begin PBXVariantGroup section */
		D1626C2B18A1C8DD00675301 /* InfoPlist.strings */ = {
			isa = PBXVariantGroup;
			children = (
				D1626C2C18A1C8DD00675301 /* en */,
			);
			name = InfoPlist.strings;
			sourceTree = "<group>";
		};
		D1626C3418A1C8DD00675301 /* Main.storyboard */ = {
			isa = PBXVariantGroup;
			children = (
				D1626C3518A1C8DD00675301 /* Base */,
			);
			name = Main.storyboard;
			sourceTree = "<group>";
		};
		D1626C4A18A1C8DD00675301 /* InfoPlist.strings */ = {
			isa = PBXVariantGroup;
			children = (
				D1626C4B18A1C8DD00675301 /* en */,
			);
			name = InfoPlist.strings;
			sourceTree = "<group>";
		};
/* End PBXVariantGroup section */

/* Begin XCBuildConfiguration section */
		D1626C4F18A1C8DD00675301 /* Debug */ = {
			isa = XCBuildConfiguration;
			buildSettings = {
				ALWAYS_SEARCH_USER_PATHS = NO;
				ARCHS = "$(ARCHS_STANDARD_INCLUDING_64_BIT)";
				CLANG_CXX_LANGUAGE_STANDARD = "gnu++0x";
				CLANG_CXX_LIBRARY = "libc++";
				CLANG_ENABLE_MODULES = YES;
				CLANG_ENABLE_OBJC_ARC = YES;
				CLANG_WARN_BOOL_CONVERSION = YES;
				CLANG_WARN_CONSTANT_CONVERSION = YES;
				CLANG_WARN_DIRECT_OBJC_ISA_USAGE = YES_ERROR;
				CLANG_WARN_EMPTY_BODY = YES;
				CLANG_WARN_ENUM_CONVERSION = YES;
				CLANG_WARN_INT_CONVERSION = YES;
				CLANG_WARN_OBJC_ROOT_CLASS = YES_ERROR;
				CLANG_WARN__DUPLICATE_METHOD_MATCH = YES;
				"CODE_SIGN_IDENTITY[sdk=iphoneos*]" = "iPhone Developer";
				COPY_PHASE_STRIP = NO;
				GCC_C_LANGUAGE_STANDARD = gnu99;
				GCC_DYNAMIC_NO_PIC = NO;
				GCC_OPTIMIZATION_LEVEL = 0;
				GCC_PREPROCESSOR_DEFINITIONS = (
					"DEBUG=1",
					"$(inherited)",
				);
				GCC_SYMBOLS_PRIVATE_EXTERN = NO;
				GCC_WARN_64_TO_32_BIT_CONVERSION = YES;
				GCC_WARN_ABOUT_RETURN_TYPE = YES_ERROR;
				GCC_WARN_UNDECLARED_SELECTOR = YES;
				GCC_WARN_UNINITIALIZED_AUTOS = YES;
				GCC_WARN_UNUSED_FUNCTION = YES;
				GCC_WARN_UNUSED_VARIABLE = YES;
				IPHONEOS_DEPLOYMENT_TARGET = 7.0;
				ONLY_ACTIVE_ARCH = YES;
				SDKROOT = iphoneos;
			};
			name = Debug;
		};
		D1626C5018A1C8DD00675301 /* Release */ = {
			isa = XCBuildConfiguration;
			buildSettings = {
				ALWAYS_SEARCH_USER_PATHS = NO;
				ARCHS = "$(ARCHS_STANDARD_INCLUDING_64_BIT)";
				CLANG_CXX_LANGUAGE_STANDARD = "gnu++0x";
				CLANG_CXX_LIBRARY = "libc++";
				CLANG_ENABLE_MODULES = YES;
				CLANG_ENABLE_OBJC_ARC = YES;
				CLANG_WARN_BOOL_CONVERSION = YES;
				CLANG_WARN_CONSTANT_CONVERSION = YES;
				CLANG_WARN_DIRECT_OBJC_ISA_USAGE = YES_ERROR;
				CLANG_WARN_EMPTY_BODY = YES;
				CLANG_WARN_ENUM_CONVERSION = YES;
				CLANG_WARN_INT_CONVERSION = YES;
				CLANG_WARN_OBJC_ROOT_CLASS = YES_ERROR;
				CLANG_WARN__DUPLICATE_METHOD_MATCH = YES;
				"CODE_SIGN_IDENTITY[sdk=iphoneos*]" = "iPhone Developer";
				COPY_PHASE_STRIP = YES;
				ENABLE_NS_ASSERTIONS = NO;
				GCC_C_LANGUAGE_STANDARD = gnu99;
				GCC_WARN_64_TO_32_BIT_CONVERSION = YES;
				GCC_WARN_ABOUT_RETURN_TYPE = YES_ERROR;
				GCC_WARN_UNDECLARED_SELECTOR = YES;
				GCC_WARN_UNINITIALIZED_AUTOS = YES;
				GCC_WARN_UNUSED_FUNCTION = YES;
				GCC_WARN_UNUSED_VARIABLE = YES;
				IPHONEOS_DEPLOYMENT_TARGET = 7.0;
				SDKROOT = iphoneos;
				VALIDATE_PRODUCT = YES;
			};
			name = Release;
		};
		D1626C5218A1C8DD00675301 /* Debug */ = {
			isa = XCBuildConfiguration;
			buildSettings = {
				ASSETCATALOG_COMPILER_APPICON_NAME = AppIcon;
				ASSETCATALOG_COMPILER_LAUNCHIMAGE_NAME = LaunchImage;
				GCC_PRECOMPILE_PREFIX_HEADER = YES;
				GCC_PREFIX_HEADER = "Table Example/Table Example-Prefix.pch";
				INFOPLIST_FILE = "Table Example/Table Example-Info.plist";
				PRODUCT_NAME = "$(TARGET_NAME)";
				WRAPPER_EXTENSION = app;
			};
			name = Debug;
		};
		D1626C5318A1C8DD00675301 /* Release */ = {
			isa = XCBuildConfiguration;
			buildSettings = {
				ASSETCATALOG_COMPILER_APPICON_NAME = AppIcon;
				ASSETCATALOG_COMPILER_LAUNCHIMAGE_NAME = LaunchImage;
				GCC_PRECOMPILE_PREFIX_HEADER = YES;
				GCC_PREFIX_HEADER = "Table Example/Table Example-Prefix.pch";
				INFOPLIST_FILE = "Table Example/Table Example-Info.plist";
				PRODUCT_NAME = "$(TARGET_NAME)";
				WRAPPER_EXTENSION = app;
			};
			name = Release;
		};
		D1626C5518A1C8DD00675301 /* Debug */ = {
			isa = XCBuildConfiguration;
			buildSettings = {
				ARCHS = "$(ARCHS_STANDARD_INCLUDING_64_BIT)";
				BUNDLE_LOADER = "$(BUILT_PRODUCTS_DIR)/Table Example.app/Table Example";
				FRAMEWORK_SEARCH_PATHS = (
					"$(SDKROOT)/Developer/Library/Frameworks",
					"$(inherited)",
					"$(DEVELOPER_FRAMEWORKS_DIR)",
				);
				GCC_PRECOMPILE_PREFIX_HEADER = YES;
				GCC_PREFIX_HEADER = "Table Example/Table Example-Prefix.pch";
				GCC_PREPROCESSOR_DEFINITIONS = (
					"DEBUG=1",
					"$(inherited)",
				);
				INFOPLIST_FILE = "Table ExampleTests/Table ExampleTests-Info.plist";
				PRODUCT_NAME = "$(TARGET_NAME)";
				TEST_HOST = "$(BUNDLE_LOADER)";
				WRAPPER_EXTENSION = xctest;
			};
			name = Debug;
		};
		D1626C5618A1C8DD00675301 /* Release */ = {
			isa = XCBuildConfiguration;
			buildSettings = {
				ARCHS = "$(ARCHS_STANDARD_INCLUDING_64_BIT)";
				BUNDLE_LOADER = "$(BUILT_PRODUCTS_DIR)/Table Example.app/Table Example";
				FRAMEWORK_SEARCH_PATHS = (
					"$(SDKROOT)/Developer/Library/Frameworks",
					"$(inherited)",
					"$(DEVELOPER_FRAMEWORKS_DIR)",
				);
				GCC_PRECOMPILE_PREFIX_HEADER = YES;
				GCC_PREFIX_HEADER = "Table Example/Table Example-Prefix.pch";
				INFOPLIST_FILE = "Table ExampleTests/Table ExampleTests-Info.plist";
				PRODUCT_NAME = "$(TARGET_NAME)";
				TEST_HOST = "$(BUNDLE_LOADER)";
				WRAPPER_EXTENSION = xctest;
			};
			name = Release;
		};
/* End XCBuildConfiguration section */

/* Begin XCConfigurationList section */
		D1626C1A18A1C8DD00675301 /* Build configuration list for PBXProject "Table Example" */ = {
			isa = XCConfigurationList;
			buildConfigurations = (
				D1626C4F18A1C8DD00675301 /* Debug */,
				D1626C5018A1C8DD00675301 /* Release */,
			);
			defaultConfigurationIsVisible = 0;
			defaultConfigurationName = Release;
		};
		D1626C5118A1C8DD00675301 /* Build configuration list for PBXNativeTarget "Table Example" */ = {
			isa = XCConfigurationList;
			buildConfigurations = (
				D1626C5218A1C8DD00675301 /* Debug */,
				D1626C5318A1C8DD00675301 /* Release */,
			);
			defaultConfigurationIsVisible = 0;
			defaultConfigurationName = Release;
		};
		D1626C5418A1C8DD00675301 /* Build configuration list for PBXNativeTarget "Table ExampleTests" */ = {
			isa = XCConfigurationList;
			buildConfigurations = (
				D1626C5518A1C8DD00675301 /* Debug */,
				D1626C5618A1C8DD00675301 /* Release */,
			);
			defaultConfigurationIsVisible = 0;
			defaultConfigurationName = Release;
		};
/* End XCConfigurationList section */
	};
	rootObject = D1626C1718A1C8DD00675301 /* Project object */;
}
